
Microsoft Visual Studio Solution File, Format Version 12.00
# Visual Studio Version 16
VisualStudioVersion = 16.0.29926.136
MinimumVisualStudioVersion = 10.0.40219.1
Project("{FAE04EC0-301F-11D3-BF4B-00C04F79EFBC}") = "BoggleGame", "BoggleGame\BoggleGame.csproj", "{F873ED46-DC91-4C5F-8D4A-7F9E81725D02}"
EndProject
Global
	GlobalSection(SolutionConfigurationPlatforms) = preSolution
		Debug|Any CPU = Debug|Any CPU
		Release|Any CPU = Release|Any CPU
	EndGlobalSection
	GlobalSection(ProjectConfigurationPlatforms) = postSolution
		{F873ED46-DC91-4C5F-8D4A-7F9E81725D02}.Debug|Any CPU.ActiveCfg = Debug|Any CPU
		{F873ED46-DC91-4C5F-8D4A-7F9E81725D02}.Debug|Any CPU.Build.0 = Debug|Any CPU
		{F873ED46-DC91-4C5F-8D4A-7F9E81725D02}.Release|Any CPU.ActiveCfg = Release|Any CPU
		{F873ED46-DC91-4C5F-8D4A-7F9E81725D02}.Release|Any CPU.Build.0 = Release|Any CPU
	EndGlobalSection
	GlobalSection(SolutionProperties) = preSolution
		HideSolutionNode = FALSE
	EndGlobalSection
	GlobalSection(ExtensibilityGlobals) = postSolution
		SolutionGuid = {9BD7D10D-8BB8-44AC-8074-9DB385BCEE5F}
	EndGlobalSection
EndGlobal
